# This file is automatically @generated by Cargo.
# It is not intended for manual editing.
[[package]]
name = "backtrace"
version = "0.3.34"
source = "registry+https://github.com/rust-lang/crates.io-index"
dependencies = [
 "backtrace-sys 0.1.31 (registry+https://github.com/rust-lang/crates.io-index)",
 "cfg-if 0.1.9 (registry+https://github.com/rust-lang/crates.io-index)",
 "libc 0.2.60 (registry+https://github.com/rust-lang/crates.io-index)",
 "rustc-demangle 0.1.15 (registry+https://github.com/rust-lang/crates.io-index)",
]

[[package]]
name = "backtrace-sys"
version = "0.1.31"
source = "registry+https://github.com/rust-lang/crates.io-index"
dependencies = [
 "cc 1.0.38 (registry+https://github.com/rust-lang/crates.io-index)",
 "libc 0.2.60 (registry+https://github.com/rust-lang/crates.io-index)",
]

[[package]]
name = "cargo-valgrind"
version = "0.2.2"
dependencies = [
 "serde 1.0.98 (registry+https://github.com/rust-lang/crates.io-index)",
 "serde-xml-rs 0.3.1 (registry+https://github.com/rust-lang/crates.io-index)",
 "serde_json 1.0.40 (registry+https://github.com/rust-lang/crates.io-index)",
]

[[package]]
name = "cc"
version = "1.0.38"
source = "registry+https://github.com/rust-lang/crates.io-index"

[[package]]
name = "cfg-if"
version = "0.1.9"
source = "registry+https://github.com/rust-lang/crates.io-index"

[[package]]
name = "error-chain"
version = "0.10.0"
source = "registry+https://github.com/rust-lang/crates.io-index"
dependencies = [
 "backtrace 0.3.34 (registry+https://github.com/rust-lang/crates.io-index)",
]

[[package]]
name = "itoa"
version = "0.4.4"
source = "registry+https://github.com/rust-lang/crates.io-index"

[[package]]
name = "libc"
version = "0.2.60"
source = "registry+https://github.com/rust-lang/crates.io-index"

[[package]]
name = "log"
version = "0.4.8"
source = "registry+https://github.com/rust-lang/crates.io-index"
dependencies = [
 "cfg-if 0.1.9 (registry+https://github.com/rust-lang/crates.io-index)",
]

[[package]]
name = "proc-macro2"
version = "0.4.30"
source = "registry+https://github.com/rust-lang/crates.io-index"
dependencies = [
 "unicode-xid 0.1.0 (registry+https://github.com/rust-lang/crates.io-index)",
]

[[package]]
name = "quote"
version = "0.6.13"
source = "registry+https://github.com/rust-lang/crates.io-index"
dependencies = [
 "proc-macro2 0.4.30 (registry+https://github.com/rust-lang/crates.io-index)",
]

[[package]]
name = "rustc-demangle"
version = "0.1.15"
source = "registry+https://github.com/rust-lang/crates.io-index"

[[package]]
name = "ryu"
version = "1.0.0"
source = "registry+https://github.com/rust-lang/crates.io-index"

[[package]]
name = "serde"
version = "1.0.98"
source = "registry+https://github.com/rust-lang/crates.io-index"
dependencies = [
 "serde_derive 1.0.98 (registry+https://github.com/rust-lang/crates.io-index)",
]

[[package]]
name = "serde-xml-rs"
version = "0.3.1"
source = "registry+https://github.com/rust-lang/crates.io-index"
dependencies = [
 "error-chain 0.10.0 (registry+https://github.com/rust-lang/crates.io-index)",
 "log 0.4.8 (registry+https://github.com/rust-lang/crates.io-index)",
 "serde 1.0.98 (registry+https://github.com/rust-lang/crates.io-index)",
 "xml-rs 0.8.0 (registry+https://github.com/rust-lang/crates.io-index)",
]

[[package]]
name = "serde_derive"
version = "1.0.98"
source = "registry+https://github.com/rust-lang/crates.io-index"
dependencies = [
 "proc-macro2 0.4.30 (registry+https://github.com/rust-lang/crates.io-index)",
 "quote 0.6.13 (registry+https://github.com/rust-lang/crates.io-index)",
 "syn 0.15.42 (registry+https://github.com/rust-lang/crates.io-index)",
]

[[package]]
name = "serde_json"
version = "1.0.40"
source = "registry+https://github.com/rust-lang/crates.io-index"
dependencies = [
 "itoa 0.4.4 (registry+https://github.com/rust-lang/crates.io-index)",
 "ryu 1.0.0 (registry+https://github.com/rust-lang/crates.io-index)",
 "serde 1.0.98 (registry+https://github.com/rust-lang/crates.io-index)",
]

[[package]]
name = "syn"
version = "0.15.42"
source = "registry+https://github.com/rust-lang/crates.io-index"
dependencies = [
 "proc-macro2 0.4.30 (registry+https://github.com/rust-lang/crates.io-index)",
 "quote 0.6.13 (registry+https://github.com/rust-lang/crates.io-index)",
 "unicode-xid 0.1.0 (registry+https://github.com/rust-lang/crates.io-index)",
]

[[package]]
name = "unicode-xid"
version = "0.1.0"
source = "registry+https://github.com/rust-lang/crates.io-index"

[[package]]
name = "xml-rs"
version = "0.8.0"
source = "registry+https://github.com/rust-lang/crates.io-index"

[metadata]
"checksum backtrace 0.3.34 (registry+https://github.com/rust-lang/crates.io-index)" = "b5164d292487f037ece34ec0de2fcede2faa162f085dd96d2385ab81b12765ba"
"checksum backtrace-sys 0.1.31 (registry+https://github.com/rust-lang/crates.io-index)" = "82a830b4ef2d1124a711c71d263c5abdc710ef8e907bd508c88be475cebc422b"
"checksum cc 1.0.38 (registry+https://github.com/rust-lang/crates.io-index)" = "ce400c638d48ee0e9ab75aef7997609ec57367ccfe1463f21bf53c3eca67bf46"
"checksum cfg-if 0.1.9 (registry+https://github.com/rust-lang/crates.io-index)" = "b486ce3ccf7ffd79fdeb678eac06a9e6c09fc88d33836340becb8fffe87c5e33"
"checksum error-chain 0.10.0 (registry+https://github.com/rust-lang/crates.io-index)" = "d9435d864e017c3c6afeac1654189b06cdb491cf2ff73dbf0d73b0f292f42ff8"
"checksum itoa 0.4.4 (registry+https://github.com/rust-lang/crates.io-index)" = "501266b7edd0174f8530248f87f99c88fbe60ca4ef3dd486835b8d8d53136f7f"
"checksum libc 0.2.60 (registry+https://github.com/rust-lang/crates.io-index)" = "d44e80633f007889c7eff624b709ab43c92d708caad982295768a7b13ca3b5eb"
"checksum log 0.4.8 (registry+https://github.com/rust-lang/crates.io-index)" = "14b6052be84e6b71ab17edffc2eeabf5c2c3ae1fdb464aae35ac50c67a44e1f7"
"checksum proc-macro2 0.4.30 (registry+https://github.com/rust-lang/crates.io-index)" = "cf3d2011ab5c909338f7887f4fc896d35932e29146c12c8d01da6b22a80ba759"
"checksum quote 0.6.13 (registry+https://github.com/rust-lang/crates.io-index)" = "6ce23b6b870e8f94f81fb0a363d65d86675884b34a09043c81e5562f11c1f8e1"
"checksum rustc-demangle 0.1.15 (registry+https://github.com/rust-lang/crates.io-index)" = "a7f4dccf6f4891ebcc0c39f9b6eb1a83b9bf5d747cb439ec6fba4f3b977038af"
"checksum ryu 1.0.0 (registry+https://github.com/rust-lang/crates.io-index)" = "c92464b447c0ee8c4fb3824ecc8383b81717b9f1e74ba2e72540aef7b9f82997"
"checksum serde 1.0.98 (registry+https://github.com/rust-lang/crates.io-index)" = "7fe5626ac617da2f2d9c48af5515a21d5a480dbd151e01bb1c355e26a3e68113"
"checksum serde-xml-rs 0.3.1 (registry+https://github.com/rust-lang/crates.io-index)" = "27d98dfc234faa8532d66c837de56bf4276a259a43dd10ef96feb2fb7ab333b1"
"checksum serde_derive 1.0.98 (registry+https://github.com/rust-lang/crates.io-index)" = "01e69e1b8a631f245467ee275b8c757b818653c6d704cdbcaeb56b56767b529c"
"checksum serde_json 1.0.40 (registry+https://github.com/rust-lang/crates.io-index)" = "051c49229f282f7c6f3813f8286cc1e3323e8051823fce42c7ea80fe13521704"
"checksum syn 0.15.42 (registry+https://github.com/rust-lang/crates.io-index)" = "eadc09306ca51a40555dd6fc2b415538e9e18bc9f870e47b1a524a79fe2dcf5e"
"checksum unicode-xid 0.1.0 (registry+https://github.com/rust-lang/crates.io-index)" = "fc72304796d0818e357ead4e000d19c9c174ab23dc11093ac919054d20a6a7fc"
"checksum xml-rs 0.8.0 (registry+https://github.com/rust-lang/crates.io-index)" = "541b12c998c5b56aa2b4e6f18f03664eef9a4fd0a246a55594efae6cc2d964b5"
